Microsoft Visual Studio Solution File, Format Version 12.00
# Visual Studio Version 17
VisualStudioVersion = 17.14.36915.13
MinimumVisualStudioVersion = 10.0.40219.1
Project("{FAE04EC0-301F-11D3-BF4B-00C04F79EFBC}") = "ControllerLayer", "ControllerLayer\ControllerLayer.csproj", "{AE4DF208-9A53-4180-8195-D6C6A3B77EA1}"
EndProject
Project("{FAE04EC0-301F-11D3-BF4B-00C04F79EFBC}") = "ApplicationLayer", "ApplicationLayer\ApplicationLayer.csproj", "{A0B86C5A-4156-4E5D-97ED-C371520E565A}"
EndProject
Project("{FAE04EC0-301F-11D3-BF4B-00C04F79EFBC}") = "DomainLayer", "DomainLayer\DomainLayer.csproj", "{1CF2EBD1-F804-4704-95F8-8532DA934FC6}"
EndProject
Project("{FAE04EC0-301F-11D3-BF4B-00C04F79EFBC}") = "InfrastructureLayer", "InfrastructureLayer\InfrastructureLayer.csproj", "{C3E7770D-7090-4F93-910B-685CE6961FCD}"
EndProject
Project("{2150E333-8FDC-42A3-9474-1A3956D46DE8}") = "Solution Items", "Solution Items", "{8EC462FD-D22E-90A8-E5CE-7E832BA40C5D}"
	ProjectSection(SolutionItems) = preProject
		docker-compose.yml = docker-compose.yml
	EndProjectSection
EndProject
Global
	GlobalSection(SolutionConfigurationPlatforms) = preSolution
		Debug|Any CPU = Debug|Any CPU
		Release|Any CPU = Release|Any CPU
	EndGlobalSection
	GlobalSection(ProjectConfigurationPlatforms) = postSolution
		{AE4DF208-9A53-4180-8195-D6C6A3B77EA1}.Debug|Any CPU.ActiveCfg = Debug|Any CPU
		{AE4DF208-9A53-4180-8195-D6C6A3B77EA1}.Debug|Any CPU.Build.0 = Debug|Any CPU
		{AE4DF208-9A53-4180-8195-D6C6A3B77EA1}.Release|Any CPU.ActiveCfg = Release|Any CPU
		{AE4DF208-9A53-4180-8195-D6C6A3B77EA1}.Release|Any CPU.Build.0 = Release|Any CPU
		{A0B86C5A-4156-4E5D-97ED-C371520E565A}.Debug|Any CPU.ActiveCfg = Debug|Any CPU
		{A0B86C5A-4156-4E5D-97ED-C371520E565A}.Debug|Any CPU.Build.0 = Debug|Any CPU
		{A0B86C5A-4156-4E5D-97ED-C371520E565A}.Release|Any CPU.ActiveCfg = Release|Any CPU
		{A0B86C5A-4156-4E5D-97ED-C371520E565A}.Release|Any CPU.Build.0 = Release|Any CPU
		{1CF2EBD1-F804-4704-95F8-8532DA934FC6}.Debug|Any CPU.ActiveCfg = Debug|Any CPU
		{1CF2EBD1-F804-4704-95F8-8532DA934FC6}.Debug|Any CPU.Build.0 = Debug|Any CPU
		{1CF2EBD1-F804-4704-95F8-8532DA934FC6}.Release|Any CPU.ActiveCfg = Release|Any CPU
		{1CF2EBD1-F804-4704-95F8-8532DA934FC6}.Release|Any CPU.Build.0 = Release|Any CPU
		{C3E7770D-7090-4F93-910B-685CE6961FCD}.Debug|Any CPU.ActiveCfg = Debug|Any CPU
		{C3E7770D-7090-4F93-910B-685CE6961FCD}.Debug|Any CPU.Build.0 = Debug|Any CPU
		{C3E7770D-7090-4F93-910B-685CE6961FCD}.Release|Any CPU.ActiveCfg = Release|Any CPU
		{C3E7770D-7090-4F93-910B-685CE6961FCD}.Release|Any CPU.Build.0 = Release|Any CPU
	EndGlobalSection
	GlobalSection(SolutionProperties) = preSolution
		HideSolutionNode = FALSE
	EndGlobalSection
	GlobalSection(ExtensibilityGlobals) = postSolution
		SolutionGuid = {7F237B13-E0DC-49A5-893E-5CF1A6C14DCD}
	EndGlobalSection
EndGlobal
